// !$*UTF8*$!
{
	archiveVersion = 1;
	classes = {
	};
	objectVersion = 50;
	objects = {

/* Begin PBXBuildFile section */
		C976F1E224CBB7430036D75F /* AppDelegate.swift in Sources */ = {isa = PBXBuildFile; fileRef = C976F1E124CBB7430036D75F /* AppDelegate.swift */; };
		C976F1E424CBB7430036D75F /* SceneDelegate.swift in Sources */ = {isa = PBXBuildFile; fileRef = C976F1E324CBB7430036D75F /* SceneDelegate.swift */; };
		C976F1E624CBB7430036D75F /* ContentView.swift in Sources */ = {isa = PBXBuildFile; fileRef = C976F1E524CBB7430036D75F /* ContentView.swift */; };
		C976F1E824CBB7460036D75F /* Assets.xcassets in Resources */ = {isa = PBXBuildFile; fileRef = C976F1E724CBB7460036D75F /* Assets.xcassets */; };
		C976F1EB24CBB7460036D75F /* Preview Assets.xcassets in Resources */ = {isa = PBXBuildFile; fileRef = C976F1EA24CBB7460036D75F /* Preview Assets.xcassets */; };
		C976F1EE24CBB7460036D75F /* LaunchScreen.storyboard in Resources */ = {isa = PBXBuildFile; fileRef = C976F1EC24CBB7460036D75F /* LaunchScreen.storyboard */; };
		C976F1F624CBB7DE0036D75F /* UserData.swift in Sources */ = {isa = PBXBuildFile; fileRef = C976F1F524CBB7DE0036D75F /* UserData.swift */; };
		C976F22824CBCA380036D75F /* Test.swift in Sources */ = {isa = PBXBuildFile; fileRef = C976F22724CBCA380036D75F /* Test.swift */; };
		C976F22A24CBD3370036D75F /* CounterButtonStack.swift in Sources */ = {isa = PBXBuildFile; fileRef = C976F22924CBD3370036D75F /* CounterButtonStack.swift */; };
/* End PBXBuildFile section */

/* Begin PBXFileReference section */
		C976F1DE24CBB7430036D75F /* MTG Counter 3.app */ = {isa = PBXFileReference; explicitFileType = wrapper.application; includeInIndex = 0; path = "MTG Counter 3.app"; sourceTree = BUILT_PRODUCTS_DIR; };
		C976F1E124CBB7430036D75F /* AppDelegate.swift */ = {isa = PBXFileReference; lastKnownFileType = sourcecode.swift; path = AppDelegate.swift; sourceTree = "<group>"; };
		C976F1E324CBB7430036D75F /* SceneDelegate.swift */ = {isa = PBXFileReference; lastKnownFileType = sourcecode.swift; path = SceneDelegate.swift; sourceTree = "<group>"; };
		C976F1E524CBB7430036D75F /* ContentView.swift */ = {isa = PBXFileReference; lastKnownFileType = sourcecode.swift; path = ContentView.swift; sourceTree = "<group>"; };
		C976F1E724CBB7460036D75F /* Assets.xcassets */ = {isa = PBXFileReference; lastKnownFileType = folder.assetcatalog; path = Assets.xcassets; sourceTree = "<group>"; };
		C976F1EA24CBB7460036D75F /* Preview Assets.xcassets */ = {isa = PBXFileReference; lastKnownFileType = folder.assetcatalog; path = "Preview Assets.xcassets"; sourceTree = "<group>"; };
		C976F1ED24CBB7460036D75F /* Base */ = {isa = PBXFileReference; lastKnownFileType = file.storyboard; name = Base; path = Base.lproj/LaunchScreen.storyboard; sourceTree = "<group>"; };
		C976F1EF24CBB7460036D75F /* Info.plist */ = {isa = PBXFileReference; lastKnownFileType = text.plist.xml; path = Info.plist; sourceTree = "<group>"; };
		C976F1F524CBB7DE0036D75F /* UserData.swift */ = {isa = PBXFileReference; fileEncoding = 4; lastKnownFileType = sourcecode.swift; name = UserData.swift; path = ../../MTGCounter2/MTGCounter2/UserData.swift; sourceTree = "<group>"; };
		C976F22724CBCA380036D75F /* Test.swift */ = {isa = PBXFileReference; lastKnownFileType = sourcecode.swift; path = Test.swift; sourceTree = "<group>"; };
		C976F22924CBD3370036D75F /* CounterButtonStack.swift */ = {isa = PBXFileReference; lastKnownFileType = sourcecode.swift; path = CounterButtonStack.swift; sourceTree = "<group>"; };
/* End PBXFileReference section */

/* Begin PBXFrameworksBuildPhase section */
		C976F1DB24CBB7430036D75F /* Frameworks */ = {
			isa = PBXFrameworksBuildPhase;
			buildActionMask = 2147483647;
			files = (
			);
			runOnlyForDeploymentPostprocessing = 0;
		};
/* End PBXFrameworksBuildPhase section */

/* Begin PBXGroup section */
		C976F1D524CBB7430036D75F = {
			isa = PBXGroup;
			children = (
				C976F1E024CBB7430036D75F /* MTG Counter 3 */,
				C976F1DF24CBB7430036D75F /* Products */,
			);
			sourceTree = "<group>";
		};
		C976F1DF24CBB7430036D75F /* Products */ = {
			isa = PBXGroup;
			children = (
				C976F1DE24CBB7430036D75F /* MTG Counter 3.app */,
			);
			name = Products;
			sourceTree = "<group>";
		};
		C976F1E024CBB7430036D75F /* MTG Counter 3 */ = {
			isa = PBXGroup;
			children = (
				C976F1E124CBB7430036D75F /* AppDelegate.swift */,
				C976F1E324CBB7430036D75F /* SceneDelegate.swift */,
				C976F1F524CBB7DE0036D75F /* UserData.swift */,
				C976F22924CBD3370036D75F /* CounterButtonStack.swift */,
				C976F1E524CBB7430036D75F /* ContentView.swift */,
				C976F22724CBCA380036D75F /* Test.swift */,
				C976F1E724CBB7460036D75F /* Assets.xcassets */,
				C976F1EC24CBB7460036D75F /* LaunchScreen.storyboard */,
				C976F1EF24CBB7460036D75F /* Info.plist */,
				C976F1E924CBB7460036D75F /* Preview Content */,
			);
			path = "MTG Counter 3";
			sourceTree = "<group>";
		};
		C976F1E924CBB7460036D75F /* Preview Content */ = {
			isa = PBXGroup;
			children = (
				C976F1EA24CBB7460036D75F /* Preview Assets.xcassets */,
			);
			path = "Preview Content";
			sourceTree = "<group>";
		};
/* End PBXGroup section */

/* Begin PBXNativeTarget section */
		C976F1DD24CBB7430036D75F /* MTG Counter 3 */ = {
			isa = PBXNativeTarget;
			buildConfigurationList = C976F1F224CBB7460036D75F /* Build configuration list for PBXNativeTarget "MTG Counter 3" */;
			buildPhases = (
				C976F1DA24CBB7430036D75F /* Sources */,
				C976F1DB24CBB7430036D75F /* Frameworks */,
				C976F1DC24CBB7430036D75F /* Resources */,
			);
			buildRules = (
			);
			dependencies = (
			);
			name = "MTG Counter 3";
			productName = "MTG Counter 3";
			productReference = C976F1DE24CBB7430036D75F /* MTG Counter 3.app */;
			productType = "com.apple.product-type.application";
		};
/* End PBXNativeTarget section */

/* Begin PBXProject section */
		C976F1D624CBB7430036D75F /* Project object */ = {
			isa = PBXProject;
			attributes = {
				LastSwiftUpdateCheck = 1160;
				LastUpgradeCheck = 1160;
				ORGANIZATIONNAME = "Larry Gast";
				TargetAttributes = {
					C976F1DD24CBB7430036D75F = {
						CreatedOnToolsVersion = 11.6;
					};
				};
			};
			buildConfigurationList = C976F1D924CBB7430036D75F /* Build configuration list for PBXProject "MTG Counter 3" */;
			compatibilityVersion = "Xcode 9.3";
			developmentRegion = en;
			hasScannedForEncodings = 0;
			knownRegions = (
				en,
				Base,
			);
			mainGroup = C976F1D524CBB7430036D75F;
			productRefGroup = C976F1DF24CBB7430036D75F /* Products */;
			projectDirPath = "";
			projectRoot = "";
			targets = (
				C976F1DD24CBB7430036D75F /* MTG Counter 3 */,
			);
		};
/* End PBXProject section */

/* Begin PBXResourcesBuildPhase section */
		C976F1DC24CBB7430036D75F /* Resources */ = {
			isa = PBXResourcesBuildPhase;
			buildActionMask = 2147483647;
			files = (
				C976F1EE24CBB7460036D75F /* LaunchScreen.storyboard in Resources */,
				C976F1EB24CBB7460036D75F /* Preview Assets.xcassets in Resources */,
				C976F1E824CBB7460036D75F /* Assets.xcassets in Resources */,
			);
			runOnlyForDeploymentPostprocessing = 0;
		};
/* End PBXResourcesBuildPhase section */

/* Begin PBXSourcesBuildPhase section */
		C976F1DA24CBB7430036D75F /* Sources */ = {
			isa = PBXSourcesBuildPhase;
			buildActionMask = 2147483647;
			files = (
				C976F1E224CBB7430036D75F /* AppDelegate.swift in Sources */,
				C976F22824CBCA380036D75F /* Test.swift in Sources */,
				C976F1E424CBB7430036D75F /* SceneDelegate.swift in Sources */,
				C976F1F624CBB7DE0036D75F /* UserData.swift in Sources */,
				C976F1E624CBB7430036D75F /* ContentView.swift in Sources */,
				C976F22A24CBD3370036D75F /* CounterButtonStack.swift in Sources */,
			);
			runOnlyForDeploymentPostprocessing = 0;
		};
/* End PBXSourcesBuildPhase section */

/* Begin PBXVariantGroup section */
		C976F1EC24CBB7460036D75F /* LaunchScreen.storyboard */ = {
			isa = PBXVariantGroup;
			children = (
				C976F1ED24CBB7460036D75F /* Base */,
			);
			name = LaunchScreen.storyboard;
			sourceTree = "<group>";
		};
/* End PBXVariantGroup section */

/* Begin XCBuildConfiguration section */
		C976F1F024CBB7460036D75F /* Debug */ = {
			isa = XCBuildConfiguration;
			buildSettings = {
				ALWAYS_SEARCH_USER_PATHS = NO;
				CLANG_ANALYZER_NONNULL = YES;
				CLANG_ANALYZER_NUMBER_OBJECT_CONVERSION = YES_AGGRESSIVE;
				CLANG_CXX_LANGUAGE_STANDARD = "gnu++14";
				CLANG_CXX_LIBRARY = "libc++";
				CLANG_ENABLE_MODULES = YES;
				CLANG_ENABLE_OBJC_ARC = YES;
				CLANG_ENABLE_OBJC_WEAK = YES;
				CLANG_WARN_BLOCK_CAPTURE_AUTORELEASING = YES;
				CLANG_WARN_BOOL_CONVERSION = YES;
				CLANG_WARN_COMMA = YES;
				CLANG_WARN_CONSTANT_CONVERSION = YES;
				CLANG_WARN_DEPRECATED_OBJC_IMPLEMENTATIONS = YES;
				CLANG_WARN_DIRECT_OBJC_ISA_USAGE = YES_ERROR;
				CLANG_WARN_DOCUMENTATION_COMMENTS = YES;
				CLANG_WARN_EMPTY_BODY = YES;
				CLANG_WARN_ENUM_CONVERSION = YES;
				CLANG_WARN_INFINITE_RECURSION = YES;
				CLANG_WARN_INT_CONVERSION = YES;
				CLANG_WARN_NON_LITERAL_NULL_CONVERSION = YES;
				CLANG_WARN_OBJC_IMPLICIT_RETAIN_SELF = YES;
				CLANG_WARN_OBJC_LITERAL_CONVERSION = YES;
				CLANG_WARN_OBJC_ROOT_CLASS = YES_ERROR;
				CLANG_WARN_RANGE_LOOP_ANALYSIS = YES;
				CLANG_WARN_STRICT_PROTOTYPES = YES;
				CLANG_WARN_SUSPICIOUS_MOVE = YES;
				CLANG_WARN_UNGUARDED_AVAILABILITY = YES_AGGRESSIVE;
				CLANG_WARN_UNREACHABLE_CODE = YES;
				CLANG_WARN__DUPLICATE_METHOD_MATCH = YES;
				COPY_PHASE_STRIP = NO;
				DEBUG_INFORMATION_FORMAT = dwarf;
				ENABLE_STRICT_OBJC_MSGSEND = YES;
				ENABLE_TESTABILITY = YES;
				GCC_C_LANGUAGE_STANDARD = gnu11;
				GCC_DYNAMIC_NO_PIC = NO;
				GCC_NO_COMMON_BLOCKS = YES;
				GCC_OPTIMIZATION_LEVEL = 0;
				GCC_PREPROCESSOR_DEFINITIONS = (
					"DEBUG=1",
					"$(inherited)",
				);
				GCC_WARN_64_TO_32_BIT_CONVERSION = YES;
				GCC_WARN_ABOUT_RETURN_TYPE = YES_ERROR;
				GCC_WARN_UNDECLARED_SELECTOR = YES;
				GCC_WARN_UNINITIALIZED_AUTOS = YES_AGGRESSIVE;
				GCC_WARN_UNUSED_FUNCTION = YES;
				GCC_WARN_UNUSED_VARIABLE = YES;
				IPHONEOS_DEPLOYMENT_TARGET = 13.3;
				MTL_ENABLE_DEBUG_INFO = INCLUDE_SOURCE;
				MTL_FAST_MATH = YES;
				ONLY_ACTIVE_ARCH = YES;
				SDKROOT = iphoneos;
				SWIFT_ACTIVE_COMPILATION_CONDITIONS = DEBUG;
				SWIFT_OPTIMIZATION_LEVEL = "-Onone";
			};
			name = Debug;
		};
		C976F1F124CBB7460036D75F /* Release */ = {
			isa = XCBuildConfiguration;
			buildSettings = {
				ALWAYS_SEARCH_USER_PATHS = NO;
				CLANG_ANALYZER_NONNULL = YES;
				CLANG_ANALYZER_NUMBER_OBJECT_CONVERSION = YES_AGGRESSIVE;
				CLANG_CXX_LANGUAGE_STANDARD = "gnu++14";
				CLANG_CXX_LIBRARY = "libc++";
				CLANG_ENABLE_MODULES = YES;
				CLANG_ENABLE_OBJC_ARC = YES;
				CLANG_ENABLE_OBJC_WEAK = YES;
				CLANG_WARN_BLOCK_CAPTURE_AUTORELEASING = YES;
				CLANG_WARN_BOOL_CONVERSION = YES;
				CLANG_WARN_COMMA = YES;
				CLANG_WARN_CONSTANT_CONVERSION = YES;
				CLANG_WARN_DEPRECATED_OBJC_IMPLEMENTATIONS = YES;
				CLANG_WARN_DIRECT_OBJC_ISA_USAGE = YES_ERROR;
				CLANG_WARN_DOCUMENTATION_COMMENTS = YES;
				CLANG_WARN_EMPTY_BODY = YES;
				CLANG_WARN_ENUM_CONVERSION = YES;
				CLANG_WARN_INFINITE_RECURSION = YES;
				CLANG_WARN_INT_CONVERSION = YES;
				CLANG_WARN_NON_LITERAL_NULL_CONVERSION = YES;
				CLANG_WARN_OBJC_IMPLICIT_RETAIN_SELF = YES;
				CLANG_WARN_OBJC_LITERAL_CONVERSION = YES;
				CLANG_WARN_OBJC_ROOT_CLASS = YES_ERROR;
				CLANG_WARN_RANGE_LOOP_ANALYSIS = YES;
				CLANG_WARN_STRICT_PROTOTYPES = YES;
				CLANG_WARN_SUSPICIOUS_MOVE = YES;
				CLANG_WARN_UNGUARDED_AVAILABILITY = YES_AGGRESSIVE;
				CLANG_WARN_UNREACHABLE_CODE = YES;
				CLANG_WARN__DUPLICATE_METHOD_MATCH = YES;
				COPY_PHASE_STRIP = NO;
				DEBUG_INFORMATION_FORMAT = "dwarf-with-dsym";
				ENABLE_NS_ASSERTIONS = NO;
				ENABLE_STRICT_OBJC_MSGSEND = YES;
				GCC_C_LANGUAGE_STANDARD = gnu11;
				GCC_NO_COMMON_BLOCKS = YES;
				GCC_WARN_64_TO_32_BIT_CONVERSION = YES;
				GCC_WARN_ABOUT_RETURN_TYPE = YES_ERROR;
				GCC_WARN_UNDECLARED_SELECTOR = YES;
				GCC_WARN_UNINITIALIZED_AUTOS = YES_AGGRESSIVE;
				GCC_WARN_UNUSED_FUNCTION = YES;
				GCC_WARN_UNUSED_VARIABLE = YES;
				IPHONEOS_DEPLOYMENT_TARGET = 13.3;
				MTL_ENABLE_DEBUG_INFO = NO;
				MTL_FAST_MATH = YES;
				SDKROOT = iphoneos;
				SWIFT_COMPILATION_MODE = wholemodule;
				SWIFT_OPTIMIZATION_LEVEL = "-O";
				VALIDATE_PRODUCT = YES;
			};
			name = Release;
		};
		C976F1F324CBB7460036D75F /* Debug */ = {
			isa = XCBuildConfiguration;
			buildSettings = {
				ASSETCATALOG_COMPILER_APPICON_NAME = AppIcon;
				CODE_SIGN_STYLE = Automatic;
				DEVELOPMENT_ASSET_PATHS = "\"MTG Counter 3/Preview Content\"";
				DEVELOPMENT_TEAM = 5K9G38B9V5;
				ENABLE_PREVIEWS = YES;
				INFOPLIST_FILE = "MTG Counter 3/Info.plist";
				IPHONEOS_DEPLOYMENT_TARGET = 13.0;
				LD_RUNPATH_SEARCH_PATHS = (
					"$(inherited)",
					"@executable_path/Frameworks",
				);
				PRODUCT_BUNDLE_IDENTIFIER = "com.lg3.MTG-Counter-3";
				PRODUCT_NAME = "$(TARGET_NAME)";
				SWIFT_VERSION = 5.0;
				TARGETED_DEVICE_FAMILY = "1,2";
			};
			name = Debug;
		};
		C976F1F424CBB7460036D75F /* Release */ = {
			isa = XCBuildConfiguration;
			buildSettings = {
				ASSETCATALOG_COMPILER_APPICON_NAME = AppIcon;
				CODE_SIGN_STYLE = Automatic;
				DEVELOPMENT_ASSET_PATHS = "\"MTG Counter 3/Preview Content\"";
				DEVELOPMENT_TEAM = 5K9G38B9V5;
				ENABLE_PREVIEWS = YES;
				INFOPLIST_FILE = "MTG Counter 3/Info.plist";
				IPHONEOS_DEPLOYMENT_TARGET = 13.0;
				LD_RUNPATH_SEARCH_PATHS = (
					"$(inherited)",
					"@executable_path/Frameworks",
				);
				PRODUCT_BUNDLE_IDENTIFIER = "com.lg3.MTG-Counter-3";
				PRODUCT_NAME = "$(TARGET_NAME)";
				SWIFT_VERSION = 5.0;
				TARGETED_DEVICE_FAMILY = "1,2";
			};
			name = Release;
		};
/* End XCBuildConfiguration section */

/* Begin XCConfigurationList section */
		C976F1D924CBB7430036D75F /* Build configuration list for PBXProject "MTG Counter 3" */ = {
			isa = XCConfigurationList;
			buildConfigurations = (
				C976F1F024CBB7460036D75F /* Debug */,
				C976F1F124CBB7460036D75F /* Release */,
			);
			defaultConfigurationIsVisible = 0;
			defaultConfigurationName = Release;
		};
		C976F1F224CBB7460036D75F /* Build configuration list for PBXNativeTarget "MTG Counter 3" */ = {
			isa = XCConfigurationList;
			buildConfigurations = (
				C976F1F324CBB7460036D75F /* Debug */,
				C976F1F424CBB7460036D75F /* Release */,
			);
			defaultConfigurationIsVisible = 0;
			defaultConfigurationName = Release;
		};
/* End XCConfigurationList section */
	};
	rootObject = C976F1D624CBB7430036D75F /* Project object */;
}
